
Microsoft Visual Studio Solution File, Format Version 12.00
# Visual Studio Version 16
VisualStudioVersion = 16.0.32602.290
MinimumVisualStudioVersion = 10.0.40219.1
Project("{FAE04EC0-301F-11D3-BF4B-00C04F79EFBC}") = "Personas", "Personas\Personas.csproj", "{A8164449-DEDD-4FB4-84E5-9E8F8E8EFF53}"
EndProject
Global
	GlobalSection(SolutionConfigurationPlatforms) = preSolution
		Debug|Any CPU = Debug|Any CPU
		Release|Any CPU = Release|Any CPU
	EndGlobalSection
	GlobalSection(ProjectConfigurationPlatforms) = postSolution
		{A8164449-DEDD-4FB4-84E5-9E8F8E8EFF53}.Debug|Any CPU.ActiveCfg = Debug|Any CPU
		{A8164449-DEDD-4FB4-84E5-9E8F8E8EFF53}.Debug|Any CPU.Build.0 = Debug|Any CPU
		{A8164449-DEDD-4FB4-84E5-9E8F8E8EFF53}.Release|Any CPU.ActiveCfg = Release|Any CPU
		{A8164449-DEDD-4FB4-84E5-9E8F8E8EFF53}.Release|Any CPU.Build.0 = Release|Any CPU
	EndGlobalSection
	GlobalSection(SolutionProperties) = preSolution
		HideSolutionNode = FALSE
	EndGlobalSection
	GlobalSection(ExtensibilityGlobals) = postSolution
		SolutionGuid = {A040B416-DCBA-4CED-BD11-885958BAC3F1}
	EndGlobalSection
EndGlobal
